
Microsoft Visual Studio Solution File, Format Version 11.00
# Visual Studio 2010
Project("{FAE04EC0-301F-11D3-BF4B-00C04F79EFBC}") = "Assembly-CSharp", "Assembly-CSharp.csproj", "{29bb0f64-5bd1-050c-2e4c-59dfd92e6c4f}"
EndProject
Project("{FAE04EC0-301F-11D3-BF4B-00C04F79EFBC}") = "VehicleBehaviour", "VehicleBehaviour.csproj", "{2eebb87d-9ca7-d0ca-a9ef-6fb535bc77a8}"
EndProject
Global
	GlobalSection(SolutionConfigurationPlatforms) = preSolution
		Debug|Any CPU = Debug|Any CPU
	EndGlobalSection
	GlobalSection(ProjectConfigurationPlatforms) = postSolution
		{29bb0f64-5bd1-050c-2e4c-59dfd92e6c4f}.Debug|Any CPU.ActiveCfg = Debug|Any CPU
		{29bb0f64-5bd1-050c-2e4c-59dfd92e6c4f}.Debug|Any CPU.Build.0 = Debug|Any CPU
		{2eebb87d-9ca7-d0ca-a9ef-6fb535bc77a8}.Debug|Any CPU.ActiveCfg = Debug|Any CPU
		{2eebb87d-9ca7-d0ca-a9ef-6fb535bc77a8}.Debug|Any CPU.Build.0 = Debug|Any CPU
	EndGlobalSection
	GlobalSection(SolutionProperties) = preSolution
		HideSolutionNode = FALSE
	EndGlobalSection
EndGlobal
